
Microsoft Visual Studio Solution File, Format Version 12.00
# Visual Studio Version 17
VisualStudioVersion = 17.3.32819.101
MinimumVisualStudioVersion = 10.0.40219.1
Project("{FAE04EC0-301F-11D3-BF4B-00C04F79EFBC}") = "ConsoleApp1", "ConsoleApp1\ConsoleApp1.csproj", "{24F19E6E-42F0-4DA4-8065-C9F38A87B5B8}"
EndProject
Global
	GlobalSection(SolutionConfigurationPlatforms) = preSolution
		Debug|Any CPU = Debug|Any CPU
		Release|Any CPU = Release|Any CPU
	EndGlobalSection
	GlobalSection(ProjectConfigurationPlatforms) = postSolution
		{24F19E6E-42F0-4DA4-8065-C9F38A87B5B8}.Debug|Any CPU.ActiveCfg = Debug|Any CPU
		{24F19E6E-42F0-4DA4-8065-C9F38A87B5B8}.Debug|Any CPU.Build.0 = Debug|Any CPU
		{24F19E6E-42F0-4DA4-8065-C9F38A87B5B8}.Release|Any CPU.ActiveCfg = Release|Any CPU
		{24F19E6E-42F0-4DA4-8065-C9F38A87B5B8}.Release|Any CPU.Build.0 = Release|Any CPU
	EndGlobalSection
	GlobalSection(SolutionProperties) = preSolution
		HideSolutionNode = FALSE
	EndGlobalSection
	GlobalSection(ExtensibilityGlobals) = postSolution
		SolutionGuid = {E02F84A3-0348-4219-ACF8-067B13DA24D5}
	EndGlobalSection
EndGlobal
